
Microsoft Visual Studio Solution File, Format Version 12.00
# Visual Studio 15
VisualStudioVersion = 15.0.28307.572
MinimumVisualStudioVersion = 10.0.40219.1
Project("{8BC9CEB8-8B4A-11D0-8D11-00A0C91BC942}") = "lecture01", "lecture01\lecture01.vcxproj", "{153F1D61-C670-453E-8526-077506994544}"
EndProject
Global
	GlobalSection(SolutionConfigurationPlatforms) = preSolution
		Debug|x64 = Debug|x64
		Debug|x86 = Debug|x86
		Release|x64 = Release|x64
		Release|x86 = Release|x86
	EndGlobalSection
	GlobalSection(ProjectConfigurationPlatforms) = postSolution
		{153F1D61-C670-453E-8526-077506994544}.Debug|x64.ActiveCfg = Debug|x64
		{153F1D61-C670-453E-8526-077506994544}.Debug|x64.Build.0 = Debug|x64
		{153F1D61-C670-453E-8526-077506994544}.Debug|x86.ActiveCfg = Debug|Win32
		{153F1D61-C670-453E-8526-077506994544}.Debug|x86.Build.0 = Debug|Win32
		{153F1D61-C670-453E-8526-077506994544}.Release|x64.ActiveCfg = Release|x64
		{153F1D61-C670-453E-8526-077506994544}.Release|x64.Build.0 = Release|x64
		{153F1D61-C670-453E-8526-077506994544}.Release|x86.ActiveCfg = Release|Win32
		{153F1D61-C670-453E-8526-077506994544}.Release|x86.Build.0 = Release|Win32
	EndGlobalSection
	GlobalSection(SolutionProperties) = preSolution
		HideSolutionNode = FALSE
	EndGlobalSection
	GlobalSection(ExtensibilityGlobals) = postSolution
		SolutionGuid = {838B2960-CA72-4066-B378-64769CC16C92}
	EndGlobalSection
EndGlobal
